github.com/bayashi/actually v0.0.0-20230411133236-08fdc1dad7b6 h1:IQhWJhqJZsIEdpqjiNtBoTF8aUV2b5w4OupCmJTr4No=
github.com/bayashi/go-proptree v0.0.0-20230411140956-b2d7b59916d2 h1:4TrY0JIZ/KVR3RVlYBSZeUbrz4F9aq5jGGq6b+U+fXI=
github.com/bayashi/go-proptree v0.0.0-20230411140956-b2d7b59916d2/go.mod h1:DJS8VNykowGDf7ZTrJL0fzNIc8U/JhPoCx2JX9ZMSEU=
gopkg.in/check.v1 v0.0.0-20161208181325-20d25e280405 h1:yhCVgyC4o1eVCa2tZl7eS0r+SDo693bJlVdllGtEeKM=
gopkg.in/check.v1 v0.0.0-20161208181325-20d25e280405/go.mod h1:Co6ibVJAznAaIkqp8huTwlJQCZ016jof/cbN4VW5Yz0=
gopkg.in/yaml.v3 v3.0.1 h1:fxVm/GzAzEWqLHuvctI91KS9hhNmmWOoWu0XTYJS7CA=
gopkg.in/yaml.v3 v3.0.1/go.mod h1:K4uyk7z7BCEPqu6E+C64Yfv1cQ7kz7rIZviUmN+EgEM=
