github.com/bayashi/actually v0.7.0 h1:4RnNRQ3DSMtNZT5pf2EgglKc/xB7J02XCqzSF6CkNVM=
github.com/bayashi/actually v0.7.0/go.mod h1:t/CPjz4FmuRKLae3ZY3u51j4J+I5EaucYFkJbDebs+4=
github.com/bayashi/actually v0.11.0 h1:Eba0/v/79852rXlMRO+VvKuaM6nNyIkvBF7fTNu3nlo=
github.com/bayashi/actually v0.11.0/go.mod h1:t/CPjz4FmuRKLae3ZY3u51j4J+I5EaucYFkJbDebs+4=
github.com/davecgh/go-spew v1.1.1 h1:vj9j/u1bqnvCEfJOwUhtlOARqs3+rkHYY13jYWTU97c=
github.com/davecgh/go-spew v1.1.1/go.mod h1:J7Y8YcW2NihsgmVo/mv3lAwl/skON4iLHjSsI+c5H38=
github.com/pmezard/go-difflib v1.0.0 h1:4DBwDE0NGyQoBHbLQYPwSUPoCMWR5BEzIk/f1lZbAQM=
github.com/pmezard/go-difflib v1.0.0/go.mod h1:iKH77koFhYxTK1pcRnkKkqfTogsbg7gZNVY4sRDYZ/4=
